// !$*UTF8*$!
{
	archiveVersion = 1;
	classes = {
	};
	objectVersion = 51;
	objects = {

/* Begin PBXBuildFile section */
		72A09DA441D2C047C6D15D65 /* Pods_KeyChainTest.framework in Frameworks */ = {isa = PBXBuildFile; fileRef = B48D85384D853A86B3B19946 /* Pods_KeyChainTest.framework */; };
		991606D027144B1500CCC165 /* AppDelegate.swift in Sources */ = {isa = PBXBuildFile; fileRef = 991606CF27144B1500CCC165 /* AppDelegate.swift */; };
		991606D227144B1500CCC165 /* SceneDelegate.swift in Sources */ = {isa = PBXBuildFile; fileRef = 991606D127144B1500CCC165 /* SceneDelegate.swift */; };
		991606D927144B1700CCC165 /* Assets.xcassets in Resources */ = {isa = PBXBuildFile; fileRef = 991606D827144B1700CCC165 /* Assets.xcassets */; };
		991606DC27144B1700CCC165 /* LaunchScreen.storyboard in Resources */ = {isa = PBXBuildFile; fileRef = 991606DA27144B1700CCC165 /* LaunchScreen.storyboard */; };
		991606E927144C1400CCC165 /* LoginViewController.swift in Sources */ = {isa = PBXBuildFile; fileRef = 991606E827144C1400CCC165 /* LoginViewController.swift */; };
		991606F127144DC700CCC165 /* KeyChainService.swift in Sources */ = {isa = PBXBuildFile; fileRef = 991606F027144DC700CCC165 /* KeyChainService.swift */; };
		99160703271473A500CCC165 /* MainViewController.swift in Sources */ = {isa = PBXBuildFile; fileRef = 99160702271473A500CCC165 /* MainViewController.swift */; };
/* End PBXBuildFile section */

/* Begin PBXFileReference section */
		15475179BA4588CEBB2EA7CF /* Pods-KeyChainTest.release.xcconfig */ = {isa = PBXFileReference; includeInIndex = 1; lastKnownFileType = text.xcconfig; name = "Pods-KeyChainTest.release.xcconfig"; path = "Target Support Files/Pods-KeyChainTest/Pods-KeyChainTest.release.xcconfig"; sourceTree = "<group>"; };
		2F64FCC8B7B2675589BC0C38 /* Pods-KeyChainTest.debug.xcconfig */ = {isa = PBXFileReference; includeInIndex = 1; lastKnownFileType = text.xcconfig; name = "Pods-KeyChainTest.debug.xcconfig"; path = "Target Support Files/Pods-KeyChainTest/Pods-KeyChainTest.debug.xcconfig"; sourceTree = "<group>"; };
		991606CC27144B1500CCC165 /* KeyChainTest.app */ = {isa = PBXFileReference; explicitFileType = wrapper.application; includeInIndex = 0; path = KeyChainTest.app; sourceTree = BUILT_PRODUCTS_DIR; };
		991606CF27144B1500CCC165 /* AppDelegate.swift */ = {isa = PBXFileReference; lastKnownFileType = sourcecode.swift; path = AppDelegate.swift; sourceTree = "<group>"; };
		991606D127144B1500CCC165 /* SceneDelegate.swift */ = {isa = PBXFileReference; lastKnownFileType = sourcecode.swift; path = SceneDelegate.swift; sourceTree = "<group>"; };
		991606D827144B1700CCC165 /* Assets.xcassets */ = {isa = PBXFileReference; lastKnownFileType = folder.assetcatalog; path = Assets.xcassets; sourceTree = "<group>"; };
		991606DB27144B1700CCC165 /* Base */ = {isa = PBXFileReference; lastKnownFileType = file.storyboard; name = Base; path = Base.lproj/LaunchScreen.storyboard; sourceTree = "<group>"; };
		991606DD27144B1700CCC165 /* Info.plist */ = {isa = PBXFileReference; lastKnownFileType = text.plist.xml; path = Info.plist; sourceTree = "<group>"; };
		991606E827144C1400CCC165 /* LoginViewController.swift */ = {isa = PBXFileReference; lastKnownFileType = sourcecode.swift; path = LoginViewController.swift; sourceTree = "<group>"; };
		991606F027144DC700CCC165 /* KeyChainService.swift */ = {isa = PBXFileReference; lastKnownFileType = sourcecode.swift; path = KeyChainService.swift; sourceTree = "<group>"; };
		99160702271473A500CCC165 /* MainViewController.swift */ = {isa = PBXFileReference; lastKnownFileType = sourcecode.swift; path = MainViewController.swift; sourceTree = "<group>"; };
		B48D85384D853A86B3B19946 /* Pods_KeyChainTest.framework */ = {isa = PBXFileReference; explicitFileType = wrapper.framework; includeInIndex = 0; path = Pods_KeyChainTest.framework; sourceTree = BUILT_PRODUCTS_DIR; };
/* End PBXFileReference section */

/* Begin PBXFrameworksBuildPhase section */
		991606C927144B1500CCC165 /* Frameworks */ = {
			isa = PBXFrameworksBuildPhase;
			buildActionMask = 2147483647;
			files = (
				72A09DA441D2C047C6D15D65 /* Pods_KeyChainTest.framework in Frameworks */,
			);
			runOnlyForDeploymentPostprocessing = 0;
		};
/* End PBXFrameworksBuildPhase section */

/* Begin PBXGroup section */
		1C7FB403F5F2933E67E10822 /* Pods */ = {
			isa = PBXGroup;
			children = (
				2F64FCC8B7B2675589BC0C38 /* Pods-KeyChainTest.debug.xcconfig */,
				15475179BA4588CEBB2EA7CF /* Pods-KeyChainTest.release.xcconfig */,
			);
			path = Pods;
			sourceTree = "<group>";
		};
		991606C327144B1500CCC165 = {
			isa = PBXGroup;
			children = (
				991606CE27144B1500CCC165 /* KeyChainTest */,
				991606CD27144B1500CCC165 /* Products */,
				1C7FB403F5F2933E67E10822 /* Pods */,
				F487E4FAD31B3F453F4F43E6 /* Frameworks */,
			);
			sourceTree = "<group>";
		};
		991606CD27144B1500CCC165 /* Products */ = {
			isa = PBXGroup;
			children = (
				991606CC27144B1500CCC165 /* KeyChainTest.app */,
			);
			name = Products;
			sourceTree = "<group>";
		};
		991606CE27144B1500CCC165 /* KeyChainTest */ = {
			isa = PBXGroup;
			children = (
				991606CF27144B1500CCC165 /* AppDelegate.swift */,
				991606D127144B1500CCC165 /* SceneDelegate.swift */,
				991606FB2714734400CCC165 /* Service */,
				991606FC2714735800CCC165 /* ViewControllers */,
				991606D827144B1700CCC165 /* Assets.xcassets */,
				991606DA27144B1700CCC165 /* LaunchScreen.storyboard */,
				991606DD27144B1700CCC165 /* Info.plist */,
			);
			path = KeyChainTest;
			sourceTree = "<group>";
		};
		991606FB2714734400CCC165 /* Service */ = {
			isa = PBXGroup;
			children = (
				991606F027144DC700CCC165 /* KeyChainService.swift */,
			);
			path = Service;
			sourceTree = "<group>";
		};
		991606FC2714735800CCC165 /* ViewControllers */ = {
			isa = PBXGroup;
			children = (
				991606E827144C1400CCC165 /* LoginViewController.swift */,
				99160702271473A500CCC165 /* MainViewController.swift */,
			);
			path = ViewControllers;
			sourceTree = "<group>";
		};
		F487E4FAD31B3F453F4F43E6 /* Frameworks */ = {
			isa = PBXGroup;
			children = (
				B48D85384D853A86B3B19946 /* Pods_KeyChainTest.framework */,
			);
			name = Frameworks;
			sourceTree = "<group>";
		};
/* End PBXGroup section */

/* Begin PBXNativeTarget section */
		991606CB27144B1500CCC165 /* KeyChainTest */ = {
			isa = PBXNativeTarget;
			buildConfigurationList = 991606E027144B1700CCC165 /* Build configuration list for PBXNativeTarget "KeyChainTest" */;
			buildPhases = (
				D7EE69ED5E4A6573DBD18565 /* [CP] Check Pods Manifest.lock */,
				991606C827144B1500CCC165 /* Sources */,
				991606C927144B1500CCC165 /* Frameworks */,
				991606CA27144B1500CCC165 /* Resources */,
				F5CDA467CF3BEB83BFD00C5D /* [CP] Embed Pods Frameworks */,
			);
			buildRules = (
			);
			dependencies = (
			);
			name = KeyChainTest;
			productName = KeyChainTest;
			productReference = 991606CC27144B1500CCC165 /* KeyChainTest.app */;
			productType = "com.apple.product-type.application";
		};
/* End PBXNativeTarget section */

/* Begin PBXProject section */
		991606C427144B1500CCC165 /* Project object */ = {
			isa = PBXProject;
			attributes = {
				LastSwiftUpdateCheck = 1220;
				LastUpgradeCheck = 1220;
				TargetAttributes = {
					991606CB27144B1500CCC165 = {
						CreatedOnToolsVersion = 12.2;
					};
				};
			};
			buildConfigurationList = 991606C727144B1500CCC165 /* Build configuration list for PBXProject "KeyChainTest" */;
			compatibilityVersion = "Xcode 9.3";
			developmentRegion = en;
			hasScannedForEncodings = 0;
			knownRegions = (
				en,
				Base,
			);
			mainGroup = 991606C327144B1500CCC165;
			productRefGroup = 991606CD27144B1500CCC165 /* Products */;
			projectDirPath = "";
			projectRoot = "";
			targets = (
				991606CB27144B1500CCC165 /* KeyChainTest */,
			);
		};
/* End PBXProject section */

/* Begin PBXResourcesBuildPhase section */
		991606CA27144B1500CCC165 /* Resources */ = {
			isa = PBXResourcesBuildPhase;
			buildActionMask = 2147483647;
			files = (
				991606DC27144B1700CCC165 /* LaunchScreen.storyboard in Resources */,
				991606D927144B1700CCC165 /* Assets.xcassets in Resources */,
			);
			runOnlyForDeploymentPostprocessing = 0;
		};
/* End PBXResourcesBuildPhase section */

/* Begin PBXShellScriptBuildPhase section */
		D7EE69ED5E4A6573DBD18565 /* [CP] Check Pods Manifest.lock */ = {
			isa = PBXShellScriptBuildPhase;
			buildActionMask = 2147483647;
			files = (
			);
			inputFileListPaths = (
			);
			inputPaths = (
				"${PODS_PODFILE_DIR_PATH}/Podfile.lock",
				"${PODS_ROOT}/Manifest.lock",
			);
			name = "[CP] Check Pods Manifest.lock";
			outputFileListPaths = (
			);
			outputPaths = (
				"$(DERIVED_FILE_DIR)/Pods-KeyChainTest-checkManifestLockResult.txt",
			);
			runOnlyForDeploymentPostprocessing = 0;
			shellPath = /bin/sh;
			shellScript = "diff \"${PODS_PODFILE_DIR_PATH}/Podfile.lock\" \"${PODS_ROOT}/Manifest.lock\" > /dev/null\nif [ $? != 0 ] ; then\n    # print error to STDERR\n    echo \"error: The sandbox is not in sync with the Podfile.lock. Run 'pod install' or update your CocoaPods installation.\" >&2\n    exit 1\nfi\n# This output is used by Xcode 'outputs' to avoid re-running this script phase.\necho \"SUCCESS\" > \"${SCRIPT_OUTPUT_FILE_0}\"\n";
			showEnvVarsInLog = 0;
		};
		F5CDA467CF3BEB83BFD00C5D /* [CP] Embed Pods Frameworks */ = {
			isa = PBXShellScriptBuildPhase;
			buildActionMask = 2147483647;
			files = (
			);
			inputFileListPaths = (
				"${PODS_ROOT}/Target Support Files/Pods-KeyChainTest/Pods-KeyChainTest-frameworks-${CONFIGURATION}-input-files.xcfilelist",
			);
			name = "[CP] Embed Pods Frameworks";
			outputFileListPaths = (
				"${PODS_ROOT}/Target Support Files/Pods-KeyChainTest/Pods-KeyChainTest-frameworks-${CONFIGURATION}-output-files.xcfilelist",
			);
			runOnlyForDeploymentPostprocessing = 0;
			shellPath = /bin/sh;
			shellScript = "\"${PODS_ROOT}/Target Support Files/Pods-KeyChainTest/Pods-KeyChainTest-frameworks.sh\"\n";
			showEnvVarsInLog = 0;
		};
/* End PBXShellScriptBuildPhase section */

/* Begin PBXSourcesBuildPhase section */
		991606C827144B1500CCC165 /* Sources */ = {
			isa = PBXSourcesBuildPhase;
			buildActionMask = 2147483647;
			files = (
				991606E927144C1400CCC165 /* LoginViewController.swift in Sources */,
				991606F127144DC700CCC165 /* KeyChainService.swift in Sources */,
				991606D027144B1500CCC165 /* AppDelegate.swift in Sources */,
				991606D227144B1500CCC165 /* SceneDelegate.swift in Sources */,
				99160703271473A500CCC165 /* MainViewController.swift in Sources */,
			);
			runOnlyForDeploymentPostprocessing = 0;
		};
/* End PBXSourcesBuildPhase section */

/* Begin PBXVariantGroup section */
		991606DA27144B1700CCC165 /* LaunchScreen.storyboard */ = {
			isa = PBXVariantGroup;
			children = (
				991606DB27144B1700CCC165 /* Base */,
			);
			name = LaunchScreen.storyboard;
			sourceTree = "<group>";
		};
/* End PBXVariantGroup section */

/* Begin XCBuildConfiguration section */
		991606DE27144B1700CCC165 /* Debug */ = {
			isa = XCBuildConfiguration;
			buildSettings = {
				ALWAYS_SEARCH_USER_PATHS = NO;
				CLANG_ANALYZER_NONNULL = YES;
				CLANG_ANALYZER_NUMBER_OBJECT_CONVERSION = YES_AGGRESSIVE;
				CLANG_CXX_LANGUAGE_STANDARD = "gnu++14";
				CLANG_CXX_LIBRARY = "libc++";
				CLANG_ENABLE_MODULES = YES;
				CLANG_ENABLE_OBJC_ARC = YES;
				CLANG_ENABLE_OBJC_WEAK = YES;
				CLANG_WARN_BLOCK_CAPTURE_AUTORELEASING = YES;
				CLANG_WARN_BOOL_CONVERSION = YES;
				CLANG_WARN_COMMA = YES;
				CLANG_WARN_CONSTANT_CONVERSION = YES;
				CLANG_WARN_DEPRECATED_OBJC_IMPLEMENTATIONS = YES;
				CLANG_WARN_DIRECT_OBJC_ISA_USAGE = YES_ERROR;
				CLANG_WARN_DOCUMENTATION_COMMENTS = YES;
				CLANG_WARN_EMPTY_BODY = YES;
				CLANG_WARN_ENUM_CONVERSION = YES;
				CLANG_WARN_INFINITE_RECURSION = YES;
				CLANG_WARN_INT_CONVERSION = YES;
				CLANG_WARN_NON_LITERAL_NULL_CONVERSION = YES;
				CLANG_WARN_OBJC_IMPLICIT_RETAIN_SELF = YES;
				CLANG_WARN_OBJC_LITERAL_CONVERSION = YES;
				CLANG_WARN_OBJC_ROOT_CLASS = YES_ERROR;
				CLANG_WARN_QUOTED_INCLUDE_IN_FRAMEWORK_HEADER = YES;
				CLANG_WARN_RANGE_LOOP_ANALYSIS = YES;
				CLANG_WARN_STRICT_PROTOTYPES = YES;
				CLANG_WARN_SUSPICIOUS_MOVE = YES;
				CLANG_WARN_UNGUARDED_AVAILABILITY = YES_AGGRESSIVE;
				CLANG_WARN_UNREACHABLE_CODE = YES;
				CLANG_WARN__DUPLICATE_METHOD_MATCH = YES;
				COPY_PHASE_STRIP = NO;
				DEBUG_INFORMATION_FORMAT = dwarf;
				ENABLE_STRICT_OBJC_MSGSEND = YES;
				ENABLE_TESTABILITY = YES;
				GCC_C_LANGUAGE_STANDARD = gnu11;
				GCC_DYNAMIC_NO_PIC = NO;
				GCC_NO_COMMON_BLOCKS = YES;
				GCC_OPTIMIZATION_LEVEL = 0;
				GCC_PREPROCESSOR_DEFINITIONS = (
					"DEBUG=1",
					"$(inherited)",
				);
				GCC_WARN_64_TO_32_BIT_CONVERSION = YES;
				GCC_WARN_ABOUT_RETURN_TYPE = YES_ERROR;
				GCC_WARN_UNDECLARED_SELECTOR = YES;
				GCC_WARN_UNINITIALIZED_AUTOS = YES_AGGRESSIVE;
				GCC_WARN_UNUSED_FUNCTION = YES;
				GCC_WARN_UNUSED_VARIABLE = YES;
				IPHONEOS_DEPLOYMENT_TARGET = 14.2;
				MTL_ENABLE_DEBUG_INFO = INCLUDE_SOURCE;
				MTL_FAST_MATH = YES;
				ONLY_ACTIVE_ARCH = YES;
				SDKROOT = iphoneos;
				SWIFT_ACTIVE_COMPILATION_CONDITIONS = DEBUG;
				SWIFT_OPTIMIZATION_LEVEL = "-Onone";
			};
			name = Debug;
		};
		991606DF27144B1700CCC165 /* Release */ = {
			isa = XCBuildConfiguration;
			buildSettings = {
				ALWAYS_SEARCH_USER_PATHS = NO;
				CLANG_ANALYZER_NONNULL = YES;
				CLANG_ANALYZER_NUMBER_OBJECT_CONVERSION = YES_AGGRESSIVE;
				CLANG_CXX_LANGUAGE_STANDARD = "gnu++14";
				CLANG_CXX_LIBRARY = "libc++";
				CLANG_ENABLE_MODULES = YES;
				CLANG_ENABLE_OBJC_ARC = YES;
				CLANG_ENABLE_OBJC_WEAK = YES;
				CLANG_WARN_BLOCK_CAPTURE_AUTORELEASING = YES;
				CLANG_WARN_BOOL_CONVERSION = YES;
				CLANG_WARN_COMMA = YES;
				CLANG_WARN_CONSTANT_CONVERSION = YES;
				CLANG_WARN_DEPRECATED_OBJC_IMPLEMENTATIONS = YES;
				CLANG_WARN_DIRECT_OBJC_ISA_USAGE = YES_ERROR;
				CLANG_WARN_DOCUMENTATION_COMMENTS = YES;
				CLANG_WARN_EMPTY_BODY = YES;
				CLANG_WARN_ENUM_CONVERSION = YES;
				CLANG_WARN_INFINITE_RECURSION = YES;
				CLANG_WARN_INT_CONVERSION = YES;
				CLANG_WARN_NON_LITERAL_NULL_CONVERSION = YES;
				CLANG_WARN_OBJC_IMPLICIT_RETAIN_SELF = YES;
				CLANG_WARN_OBJC_LITERAL_CONVERSION = YES;
				CLANG_WARN_OBJC_ROOT_CLASS = YES_ERROR;
				CLANG_WARN_QUOTED_INCLUDE_IN_FRAMEWORK_HEADER = YES;
				CLANG_WARN_RANGE_LOOP_ANALYSIS = YES;
				CLANG_WARN_STRICT_PROTOTYPES = YES;
				CLANG_WARN_SUSPICIOUS_MOVE = YES;
				CLANG_WARN_UNGUARDED_AVAILABILITY = YES_AGGRESSIVE;
				CLANG_WARN_UNREACHABLE_CODE = YES;
				CLANG_WARN__DUPLICATE_METHOD_MATCH = YES;
				COPY_PHASE_STRIP = NO;
				DEBUG_INFORMATION_FORMAT = "dwarf-with-dsym";
				ENABLE_NS_ASSERTIONS = NO;
				ENABLE_STRICT_OBJC_MSGSEND = YES;
				GCC_C_LANGUAGE_STANDARD = gnu11;
				GCC_NO_COMMON_BLOCKS = YES;
				GCC_WARN_64_TO_32_BIT_CONVERSION = YES;
				GCC_WARN_ABOUT_RETURN_TYPE = YES_ERROR;
				GCC_WARN_UNDECLARED_SELECTOR = YES;
				GCC_WARN_UNINITIALIZED_AUTOS = YES_AGGRESSIVE;
				GCC_WARN_UNUSED_FUNCTION = YES;
				GCC_WARN_UNUSED_VARIABLE = YES;
				IPHONEOS_DEPLOYMENT_TARGET = 14.2;
				MTL_ENABLE_DEBUG_INFO = NO;
				MTL_FAST_MATH = YES;
				SDKROOT = iphoneos;
				SWIFT_COMPILATION_MODE = wholemodule;
				SWIFT_OPTIMIZATION_LEVEL = "-O";
				VALIDATE_PRODUCT = YES;
			};
			name = Release;
		};
		991606E127144B1700CCC165 /* Debug */ = {
			isa = XCBuildConfiguration;
			baseConfigurationReference = 2F64FCC8B7B2675589BC0C38 /* Pods-KeyChainTest.debug.xcconfig */;
			buildSettings = {
				ASSETCATALOG_COMPILER_APPICON_NAME = AppIcon;
				ASSETCATALOG_COMPILER_GLOBAL_ACCENT_COLOR_NAME = AccentColor;
				CODE_SIGN_STYLE = Automatic;
				DEVELOPMENT_TEAM = H9Q8A65R22;
				INFOPLIST_FILE = KeyChainTest/Info.plist;
				LD_RUNPATH_SEARCH_PATHS = (
					"$(inherited)",
					"@executable_path/Frameworks",
				);
				PRODUCT_BUNDLE_IDENTIFIER = gurgen.KeyChainTest;
				PRODUCT_NAME = "$(TARGET_NAME)";
				SWIFT_VERSION = 5.0;
				TARGETED_DEVICE_FAMILY = "1,2";
			};
			name = Debug;
		};
		991606E227144B1700CCC165 /* Release */ = {
			isa = XCBuildConfiguration;
			baseConfigurationReference = 15475179BA4588CEBB2EA7CF /* Pods-KeyChainTest.release.xcconfig */;
			buildSettings = {
				ASSETCATALOG_COMPILER_APPICON_NAME = AppIcon;
				ASSETCATALOG_COMPILER_GLOBAL_ACCENT_COLOR_NAME = AccentColor;
				CODE_SIGN_STYLE = Automatic;
				DEVELOPMENT_TEAM = H9Q8A65R22;
				INFOPLIST_FILE = KeyChainTest/Info.plist;
				LD_RUNPATH_SEARCH_PATHS = (
					"$(inherited)",
					"@executable_path/Frameworks",
				);
				PRODUCT_BUNDLE_IDENTIFIER = gurgen.KeyChainTest;
				PRODUCT_NAME = "$(TARGET_NAME)";
				SWIFT_VERSION = 5.0;
				TARGETED_DEVICE_FAMILY = "1,2";
			};
			name = Release;
		};
/* End XCBuildConfiguration section */

/* Begin XCConfigurationList section */
		991606C727144B1500CCC165 /* Build configuration list for PBXProject "KeyChainTest" */ = {
			isa = XCConfigurationList;
			buildConfigurations = (
				991606DE27144B1700CCC165 /* Debug */,
				991606DF27144B1700CCC165 /* Release */,
			);
			defaultConfigurationIsVisible = 0;
			defaultConfigurationName = Release;
		};
		991606E027144B1700CCC165 /* Build configuration list for PBXNativeTarget "KeyChainTest" */ = {
			isa = XCConfigurationList;
			buildConfigurations = (
				991606E127144B1700CCC165 /* Debug */,
				991606E227144B1700CCC165 /* Release */,
			);
			defaultConfigurationIsVisible = 0;
			defaultConfigurationName = Release;
		};
/* End XCConfigurationList section */
	};
	rootObject = 991606C427144B1500CCC165 /* Project object */;
}
